
Microsoft Visual Studio Solution File, Format Version 12.00
# Visual Studio Version 16
VisualStudioVersion = 25.0.1706.1
MinimumVisualStudioVersion = 10.0.40219.1
Project("{FAE04EC0-301F-11D3-BF4B-00C04F79EFBC}") = "CustomGPS", "CustomGPS\CustomGPS.csproj", "{67BC11E0-FA3D-42AD-AF34-DEE345B315D4}"
EndProject
Global
	GlobalSection(SolutionConfigurationPlatforms) = preSolution
		Debug|Any CPU = Debug|Any CPU
		Release|Any CPU = Release|Any CPU
	EndGlobalSection
	GlobalSection(ProjectConfigurationPlatforms) = postSolution
		{67BC11E0-FA3D-42AD-AF34-DEE345B315D4}.Debug|Any CPU.ActiveCfg = Debug|Any CPU
		{67BC11E0-FA3D-42AD-AF34-DEE345B315D4}.Debug|Any CPU.Build.0 = Debug|Any CPU
		{67BC11E0-FA3D-42AD-AF34-DEE345B315D4}.Release|Any CPU.ActiveCfg = Release|Any CPU
		{67BC11E0-FA3D-42AD-AF34-DEE345B315D4}.Release|Any CPU.Build.0 = Release|Any CPU
	EndGlobalSection
	GlobalSection(SolutionProperties) = preSolution
		HideSolutionNode = FALSE
	EndGlobalSection
	GlobalSection(ExtensibilityGlobals) = postSolution
		SolutionGuid = {588AE506-F99C-493C-862B-E277E02D7459}
	EndGlobalSection
EndGlobal
